<?xml version="1.0"?>
<CONFIG>
  <ProjectOptions>
    <Version Value="9"/>
    <General>
      <MainUnit Value="0"/>
      <UseXPManifest Value="True"/>
      <Icon Value="0"/>
      <ActiveWindowIndexAtStart Value="0"/>
    </General>
    <VersionInfo>
      <Language Value=""/>
      <CharSet Value=""/>
      <StringTable ProductVersion=""/>
    </VersionInfo>
    <BuildModes Count="1">
      <Item1 Name="default" Default="True"/>
    </BuildModes>
    <PublishOptions>
      <Version Value="2"/>
      <IgnoreBinaries Value="False"/>
      <IncludeFileFilter Value="*.(pas|pp|inc|lfm|lpr|lrs|lpi|lpk|sh|xml)"/>
      <ExcludeFileFilter Value="*.(bak|ppu|ppw|o|so);*~;backup"/>
    </PublishOptions>
    <RunParams>
      <local>
        <FormatVersion Value="1"/>
        <LaunchingApplication PathPlusParams="/usr/X11R6/bin/xterm -T 'Lazarus Run Output' -e $(LazarusDir)/tools/runwait.sh $(TargetCmdLine)"/>
      </local>
    </RunParams>
    <RequiredPackages Count="8">
      <Item1>
        <PackageName Value="UIBLaz"/>
      </Item1>
      <Item2>
        <PackageName Value="lazregisterextcomp"/>
        <MinVersion Major="1" Build="1" Valid="True"/>
      </Item2>
      <Item3>
        <PackageName Value="virtualtreeview_package"/>
        <MinVersion Major="4" Minor="8" Release="7" Build="1" Valid="True"/>
      </Item3>
      <Item4>
        <PackageName Value="ibexpress"/>
      </Item4>
      <Item5>
        <PackageName Value="FCL"/>
        <MinVersion Major="1" Valid="True"/>
      </Item5>
      <Item6>
        <PackageName Value="DBFLaz"/>
        <MinVersion Minor="1" Release="1" Valid="True"/>
      </Item6>
      <Item7>
        <PackageName Value="lazextcomponents"/>
        <MinVersion Minor="9" Build="4" Valid="True"/>
      </Item7>
      <Item8>
        <PackageName Value="LCL"/>
      </Item8>
    </RequiredPackages>
    <Units Count="139">
      <Unit0>
        <Filename Value="demo.lpr"/>
        <IsPartOfProject Value="True"/>
        <UnitName Value="demo"/>
        <EditorIndex Value="0"/>
        <WindowIndex Value="0"/>
        <TopLine Value="1"/>
        <CursorPos X="1" Y="15"/>
        <UsageCount Value="116"/>
        <Loaded Value="True"/>
        <DefaultSyntaxHighlighter Value="Delphi"/>
      </Unit0>
      <Unit1>
        <Filename Value="/usr/lib/lazarus/0.9.30/lcl/include/application.inc"/>
        <WindowIndex Value="0"/>
        <TopLine Value="1206"/>
        <CursorPos X="1" Y="1229"/>
        <UsageCount Value="8"/>
        <DefaultSyntaxHighlighter Value="Delphi"/>
      </Unit1>
      <Unit2>
        <Filename Value="u_components.lfm"/>
        <WindowIndex Value="0"/>
        <TopLine Value="635"/>
        <CursorPos X="27" Y="663"/>
        <UsageCount Value="10"/>
        <DefaultSyntaxHighlighter Value="LFM"/>
      </Unit2>
      <Unit3>
        <Filename Value="../../ManFrames/composants/u_customframework.pas"/>
        <ComponentName Value="F_CustomFrameWork"/>
        <HasResources Value="True"/>
        <ResourceBaseClass Value="Form"/>
        <UnitName Value="u_customframework"/>
        <WindowIndex Value="0"/>
        <TopLine Value="4930"/>
        <CursorPos X="45" Y="4966"/>
        <UsageCount Value="15"/>
        <DefaultSyntaxHighlighter Value="Delphi"/>
      </Unit3>
      <Unit4>
        <Filename Value="../composants/u_framework_dbcomponents.pas"/>
        <UnitName Value="u_framework_dbcomponents"/>
        <WindowIndex Value="0"/>
        <TopLine Value="1"/>
        <CursorPos X="1" Y="18"/>
        <UsageCount Value="20"/>
        <DefaultSyntaxHighlighter Value="Delphi"/>
      </Unit4>
      <Unit5>
        <Filename Value="/usr/lib/lazarus/0.9.30/lcl/dbgrids.pas"/>
        <UnitName Value="DBGrids"/>
        <WindowIndex Value="0"/>
        <TopLine Value="851"/>
        <CursorPos X="18" Y="881"/>
        <UsageCount Value="14"/>
        <DefaultSyntaxHighlighter Value="Delphi"/>
      </Unit5>
      <Unit6>
        <Filename Value="/usr/lib/lazarus/0.9.30/lcl/grids.pas"/>
        <UnitName Value="Grids"/>
        <WindowIndex Value="0"/>
        <TopLine Value="4715"/>
        <CursorPos X="27" Y="4717"/>
        <UsageCount Value="14"/>
        <DefaultSyntaxHighlighter Value="Delphi"/>
      </Unit6>
      <Unit7>
        <Filename Value="../../../Lazarus/composants/rxfpc/rxdbgrid.pas"/>
        <UnitName Value="rxdbgrid"/>
        <WindowIndex Value="0"/>
        <TopLine Value="1036"/>
        <CursorPos X="1" Y="1059"/>
        <UsageCount Value="12"/>
        <DefaultSyntaxHighlighter Value="Delphi"/>
      </Unit7>
      <Unit8>
        <Filename Value="../../XMLFrames/composants/u_xmlform.pas"/>
        <UnitName Value="u_xmlform"/>
        <WindowIndex Value="0"/>
        <TopLine Value="100"/>
        <CursorPos X="109" Y="115"/>
        <UsageCount Value="16"/>
        <DefaultSyntaxHighlighter Value="Delphi"/>
      </Unit8>
      <Unit9>
        <Filename Value="../composants/u_extdbgrid.pas"/>
        <UnitName Value="u_extdbgrid"/>
        <WindowIndex Value="0"/>
        <TopLine Value="428"/>
        <CursorPos X="14" Y="428"/>
        <UsageCount Value="11"/>
        <DefaultSyntaxHighlighter Value="Delphi"/>
      </Unit9>
      <Unit10>
        <Filename Value="u_components.pas"/>
        <IsPartOfProject Value="True"/>
        <ComponentName Value="Myform"/>
        <HasResources Value="True"/>
        <ResourceBaseClass Value="Form"/>
        <UnitName Value="U_Components"/>
        <EditorIndex Value="1"/>
        <WindowIndex Value="0"/>
        <TopLine Value="22"/>
        <CursorPos X="46" Y="22"/>
        <UsageCount Value="56"/>
        <Loaded Value="True"/>
        <LoadedDesigner Value="True"/>
        <DefaultSyntaxHighlighter Value="Delphi"/>
      </Unit10>
      <Unit11>
        <Filename Value="../../../Lazarus/Livre/Lazarus/NomsDepFIREBIRD/ufiche.pas"/>
        <ComponentName Value="MaFiche"/>
        <HasResources Value="True"/>
        <ResourceBaseClass Value="Form"/>
        <UnitName Value="UFiche"/>
        <WindowIndex Value="0"/>
        <TopLine Value="41"/>
        <CursorPos X="1" Y="1"/>
        <UsageCount Value="9"/>
        <DefaultSyntaxHighlighter Value="Delphi"/>
      </Unit11>
      <Unit12>
        <Filename Value="../../ZEOSDBO/src/component/ZAbstractRODataset.pas"/>
        <UnitName Value="ZAbstractRODataset"/>
        <WindowIndex Value="0"/>
        <TopLine Value="735"/>
        <CursorPos X="30" Y="746"/>
        <UsageCount Value="9"/>
        <DefaultSyntaxHighlighter Value="Delphi"/>
      </Unit12>
      <Unit13>
        <Filename Value="../../ZEOSDBO/src/dbc/ZDbcInterbase6Metadata.pas"/>
        <UnitName Value="ZDbcInterbase6Metadata"/>
        <WindowIndex Value="0"/>
        <TopLine Value="1679"/>
        <CursorPos X="1" Y="1702"/>
        <UsageCount Value="9"/>
        <DefaultSyntaxHighlighter Value="Delphi"/>
      </Unit13>
      <Unit14>
        <Filename Value="/usr/lib/lazarus/0.9.30/lcl/dbctrls.pp"/>
        <UnitName Value="DbCtrls"/>
        <WindowIndex Value="0"/>
        <TopLine Value="752"/>
        <CursorPos X="21" Y="762"/>
        <UsageCount Value="16"/>
        <DefaultSyntaxHighlighter Value="Delphi"/>
      </Unit14>
      <Unit15>
        <Filename Value="/usr/lib/lazarus/0.9.30/lcl/include/dblookup.inc"/>
        <WindowIndex Value="0"/>
        <TopLine Value="78"/>
        <CursorPos X="54" Y="108"/>
        <UsageCount Value="9"/>
        <DefaultSyntaxHighlighter Value="Delphi"/>
      </Unit15>
      <Unit16>
        <Filename Value="../../ibx/runtime/IB.pas"/>
        <UnitName Value="IB"/>
        <WindowIndex Value="0"/>
        <TopLine Value="488"/>
        <CursorPos X="13" Y="207"/>
        <UsageCount Value="17"/>
        <DefaultSyntaxHighlighter Value="Delphi"/>
      </Unit16>
      <Unit17>
        <Filename Value="../composants/u_extsearchedit.pas"/>
        <UnitName Value="u_extsearchedit"/>
        <WindowIndex Value="0"/>
        <TopLine Value="136"/>
        <CursorPos X="1" Y="146"/>
        <UsageCount Value="11"/>
        <DefaultSyntaxHighlighter Value="Delphi"/>
      </Unit17>
      <Unit18>
        <Filename Value="/usr/lib/lazarus/0.9.30/lcl/include/wincontrol.inc"/>
        <WindowIndex Value="0"/>
        <TopLine Value="4792"/>
        <CursorPos X="58" Y="4798"/>
        <UsageCount Value="10"/>
        <DefaultSyntaxHighlighter Value="Delphi"/>
      </Unit18>
      <Unit19>
        <Filename Value="../composants/U_ExtComboInsert.pas"/>
        <UnitName Value="U_ExtComboInsert"/>
        <WindowIndex Value="0"/>
        <TopLine Value="237"/>
        <CursorPos X="46" Y="248"/>
        <UsageCount Value="15"/>
        <DefaultSyntaxHighlighter Value="Delphi"/>
      </Unit19>
      <Unit20>
        <Filename Value="/usr/lib/lazarus/0.9.30/lcl/include/dblookupcombobox.inc"/>
        <WindowIndex Value="0"/>
        <TopLine Value="109"/>
        <CursorPos X="10" Y="130"/>
        <UsageCount Value="10"/>
        <DefaultSyntaxHighlighter Value="Delphi"/>
      </Unit20>
      <Unit21>
        <Filename Value="/usr/lib/lazarus/0.9.30/lcl/include/customdbcombobox.inc"/>
        <WindowIndex Value="0"/>
        <TopLine Value="111"/>
        <CursorPos X="3" Y="113"/>
        <UsageCount Value="10"/>
        <DefaultSyntaxHighlighter Value="Delphi"/>
      </Unit21>
      <Unit22>
        <Filename Value="/usr/lib/lazarus/0.9.30/lcl/stdctrls.pp"/>
        <UnitName Value="StdCtrls"/>
        <WindowIndex Value="0"/>
        <TopLine Value="382"/>
        <CursorPos X="15" Y="318"/>
        <UsageCount Value="12"/>
        <DefaultSyntaxHighlighter Value="Delphi"/>
      </Unit22>
      <Unit23>
        <Filename Value="../fonctions/fonctions_proprietes.pas"/>
        <UnitName Value="fonctions_proprietes"/>
        <WindowIndex Value="0"/>
        <TopLine Value="105"/>
        <CursorPos X="139" Y="118"/>
        <UsageCount Value="13"/>
        <DefaultSyntaxHighlighter Value="Delphi"/>
      </Unit23>
      <Unit24>
        <Filename Value="/usr/lib/lazarus/0.9.30/lcl/widgetset/wscontrols.pp"/>
        <UnitName Value="WSControls"/>
        <WindowIndex Value="0"/>
        <TopLine Value="184"/>
        <CursorPos X="1" Y="208"/>
        <UsageCount Value="8"/>
        <DefaultSyntaxHighlighter Value="Delphi"/>
      </Unit24>
      <Unit25>
        <Filename Value="/usr/lib/lazarus/0.9.30/lcl/include/intfbaselcl.inc"/>
        <WindowIndex Value="0"/>
        <TopLine Value="40"/>
        <CursorPos X="1" Y="63"/>
        <UsageCount Value="8"/>
        <DefaultSyntaxHighlighter Value="Delphi"/>
      </Unit25>
      <Unit26>
        <Filename Value="/usr/lib/lazarus/0.9.30/lcl/maskedit.pp"/>
        <UnitName Value="MaskEdit"/>
        <WindowIndex Value="0"/>
        <TopLine Value="166"/>
        <CursorPos X="31" Y="176"/>
        <UsageCount Value="8"/>
        <DefaultSyntaxHighlighter Value="Delphi"/>
      </Unit26>
      <Unit27>
        <Filename Value="/usr/lib/lazarus/0.9.30/lcl/include/customedit.inc"/>
        <WindowIndex Value="0"/>
        <TopLine Value="466"/>
        <CursorPos X="22" Y="468"/>
        <UsageCount Value="10"/>
        <DefaultSyntaxHighlighter Value="Delphi"/>
      </Unit27>
      <Unit28>
        <Filename Value="/usr/lib/lazarus/0.9.30/lcl/include/customcombobox.inc"/>
        <WindowIndex Value="0"/>
        <TopLine Value="15"/>
        <CursorPos X="42" Y="38"/>
        <UsageCount Value="11"/>
        <DefaultSyntaxHighlighter Value="Delphi"/>
      </Unit28>
      <Unit29>
        <Filename Value="/usr/lib/lazarus/0.9.30/lcl/controls.pp"/>
        <UnitName Value="Controls"/>
        <WindowIndex Value="0"/>
        <TopLine Value="1988"/>
        <CursorPos X="15" Y="2010"/>
        <UsageCount Value="15"/>
        <DefaultSyntaxHighlighter Value="Delphi"/>
      </Unit29>
      <Unit30>
        <Filename Value="/usr/lib/lazarus/0.9.30/lcl/include/control.inc"/>
        <WindowIndex Value="0"/>
        <TopLine Value="3166"/>
        <CursorPos X="1" Y="3189"/>
        <UsageCount Value="10"/>
        <DefaultSyntaxHighlighter Value="Delphi"/>
      </Unit30>
      <Unit31>
        <Filename Value="/usr/lib/lazarus/0.9.30/lcl/lclmessageglue.pas"/>
        <UnitName Value="LCLMessageGlue"/>
        <WindowIndex Value="0"/>
        <TopLine Value="94"/>
        <CursorPos X="1" Y="121"/>
        <UsageCount Value="8"/>
        <DefaultSyntaxHighlighter Value="Delphi"/>
      </Unit31>
      <Unit32>
        <Filename Value="/usr/lib/lazarus/0.9.30/lcl/interfaces/gtk2/gtk2proc.inc"/>
        <WindowIndex Value="0"/>
        <TopLine Value="2408"/>
        <CursorPos X="1" Y="2434"/>
        <UsageCount Value="8"/>
        <DefaultSyntaxHighlighter Value="Delphi"/>
      </Unit32>
      <Unit33>
        <Filename Value="/usr/lib/lazarus/0.9.30/lcl/interfaces/gtk2/gtk2widgetset.inc"/>
        <WindowIndex Value="0"/>
        <TopLine Value="2446"/>
        <CursorPos X="1" Y="2472"/>
        <UsageCount Value="8"/>
        <DefaultSyntaxHighlighter Value="Delphi"/>
      </Unit33>
      <Unit34>
        <Filename Value="../../ibx/runtime/IBCustomDataSet.pas"/>
        <UnitName Value="IBCustomDataSet"/>
        <WindowIndex Value="0"/>
        <TopLine Value="3945"/>
        <CursorPos X="1" Y="3967"/>
        <UsageCount Value="9"/>
        <DefaultSyntaxHighlighter Value="Delphi"/>
      </Unit34>
      <Unit35>
        <Filename Value="../../ibx/runtime/IBSQL.pas"/>
        <UnitName Value="IBSQL"/>
        <WindowIndex Value="0"/>
        <TopLine Value="1999"/>
        <CursorPos X="1" Y="2022"/>
        <UsageCount Value="8"/>
        <DefaultSyntaxHighlighter Value="Delphi"/>
      </Unit35>
      <Unit36>
        <Filename Value="/usr/share/fpcsrc/2.4.2/packages/fcl-db/src/base/db.pas"/>
        <UnitName Value="db"/>
        <WindowIndex Value="0"/>
        <TopLine Value="1380"/>
        <CursorPos X="15" Y="1393"/>
        <UsageCount Value="8"/>
        <DefaultSyntaxHighlighter Value="Delphi"/>
      </Unit36>
      <Unit37>
        <Filename Value="/usr/share/fpcsrc/2.4.2/packages/fcl-db/src/base/datasource.inc"/>
        <WindowIndex Value="0"/>
        <TopLine Value="265"/>
        <CursorPos X="33" Y="297"/>
        <UsageCount Value="8"/>
        <DefaultSyntaxHighlighter Value="Delphi"/>
      </Unit37>
      <Unit38>
        <Filename Value="/usr/lib/lazarus/0.9.30/lcl/lclclasses.pp"/>
        <UnitName Value="LCLClasses"/>
        <WindowIndex Value="0"/>
        <TopLine Value="117"/>
        <CursorPos X="1" Y="141"/>
        <UsageCount Value="8"/>
        <DefaultSyntaxHighlighter Value="Delphi"/>
      </Unit38>
      <Unit39>
        <Filename Value="/usr/lib/lazarus/0.9.30/lcl/lclproc.pas"/>
        <UnitName Value="LCLProc"/>
        <WindowIndex Value="0"/>
        <TopLine Value="310"/>
        <CursorPos X="10" Y="333"/>
        <UsageCount Value="8"/>
        <DefaultSyntaxHighlighter Value="Delphi"/>
      </Unit39>
      <Unit40>
        <Filename Value="/usr/lib/lazarus/0.9.30/lcl/interfaces/gtk2/gtk2wsstdctrls.pp"/>
        <UnitName Value="Gtk2WSStdCtrls"/>
        <WindowIndex Value="0"/>
        <TopLine Value="1609"/>
        <CursorPos X="41" Y="1623"/>
        <UsageCount Value="8"/>
        <DefaultSyntaxHighlighter Value="Delphi"/>
      </Unit40>
      <Unit41>
        <Filename Value="../../../Lazarus/composants/menutbar/menutbar.pas"/>
        <UnitName Value="menutbar"/>
        <WindowIndex Value="0"/>
        <TopLine Value="25"/>
        <CursorPos X="28" Y="28"/>
        <UsageCount Value="13"/>
        <DefaultSyntaxHighlighter Value="Delphi"/>
      </Unit41>
      <Unit42>
        <Filename Value="../composants/u_extmenutoolbar.pas"/>
        <UnitName Value="u_extmenutoolbar"/>
        <WindowIndex Value="0"/>
        <TopLine Value="14"/>
        <CursorPos X="33" Y="36"/>
        <UsageCount Value="16"/>
        <DefaultSyntaxHighlighter Value="Delphi"/>
      </Unit42>
      <Unit43>
        <Filename Value="../fonctions/unite_messages.pas"/>
        <UnitName Value="unite_messages"/>
        <WindowIndex Value="0"/>
        <TopLine Value="27"/>
        <CursorPos X="3" Y="58"/>
        <UsageCount Value="12"/>
        <DefaultSyntaxHighlighter Value="Delphi"/>
      </Unit43>
      <Unit44>
        <Filename Value="../composants/u_extmenutoolbar.lrs"/>
        <WindowIndex Value="0"/>
        <TopLine Value="1"/>
        <CursorPos X="17" Y="1"/>
        <UsageCount Value="9"/>
        <DefaultSyntaxHighlighter Value="Delphi"/>
      </Unit44>
      <Unit45>
        <Filename Value="/usr/lib/lazarus/0.9.30/lcl/comctrls.pp"/>
        <UnitName Value="ComCtrls"/>
        <WindowIndex Value="0"/>
        <TopLine Value="1713"/>
        <CursorPos X="20" Y="1742"/>
        <UsageCount Value="12"/>
        <DefaultSyntaxHighlighter Value="Delphi"/>
      </Unit45>
      <Unit46>
        <Filename Value="/usr/lib/lazarus/0.9.30/lcl/include/toolbar.inc"/>
        <WindowIndex Value="0"/>
        <TopLine Value="390"/>
        <CursorPos X="3" Y="392"/>
        <UsageCount Value="12"/>
        <DefaultSyntaxHighlighter Value="Delphi"/>
      </Unit46>
      <Unit47>
        <Filename Value="../../ManFrames/forms/U_FenetrePrincipale.pas"/>
        <ComponentName Value="F_FenetrePrincipale"/>
        <HasResources Value="True"/>
        <ResourceBaseClass Value="Form"/>
        <UnitName Value="U_FenetrePrincipale"/>
        <WindowIndex Value="0"/>
        <TopLine Value="737"/>
        <CursorPos X="1" Y="775"/>
        <UsageCount Value="15"/>
        <DefaultSyntaxHighlighter Value="Delphi"/>
      </Unit47>
      <Unit48>
        <Filename Value="../fonctions/fonctions_version.pas"/>
        <UnitName Value="fonctions_version"/>
        <WindowIndex Value="0"/>
        <TopLine Value="80"/>
        <CursorPos X="10" Y="89"/>
        <UsageCount Value="12"/>
        <DefaultSyntaxHighlighter Value="Delphi"/>
      </Unit48>
      <Unit49>
        <Filename Value="../forms/U_About.pas"/>
        <UnitName Value="U_About"/>
        <WindowIndex Value="0"/>
        <TopLine Value="32"/>
        <CursorPos X="23" Y="54"/>
        <UsageCount Value="14"/>
        <DefaultSyntaxHighlighter Value="Delphi"/>
      </Unit49>
      <Unit50>
        <Filename Value="../forms/u_customizemenu.pas"/>
        <ComponentName Value="F_CustomizeMenu"/>
        <ResourceBaseClass Value="Form"/>
        <UnitName Value="U_CustomizeMenu"/>
        <WindowIndex Value="0"/>
        <TopLine Value="41"/>
        <CursorPos X="96" Y="47"/>
        <UsageCount Value="30"/>
        <DefaultSyntaxHighlighter Value="Delphi"/>
      </Unit50>
      <Unit51>
        <Filename Value="../composants/u_buttons_appli.pas"/>
        <UnitName Value="u_buttons_appli"/>
        <WindowIndex Value="0"/>
        <TopLine Value="1"/>
        <CursorPos X="44" Y="11"/>
        <UsageCount Value="10"/>
        <DefaultSyntaxHighlighter Value="Delphi"/>
      </Unit51>
      <Unit52>
        <Filename Value="../lazfonctions.pas"/>
        <ComponentName Value="Form1"/>
        <HasResources Value="True"/>
        <ResourceBaseClass Value="Form"/>
        <UnitName Value="lazfonctions"/>
        <WindowIndex Value="0"/>
        <TopLine Value="1"/>
        <CursorPos X="12" Y="23"/>
        <UsageCount Value="9"/>
        <DefaultSyntaxHighlighter Value="Delphi"/>
      </Unit52>
      <Unit53>
        <Filename Value="../composants/u_regframeworkcomponents.pas"/>
        <UnitName Value="u_regframeworkcomponents"/>
        <WindowIndex Value="0"/>
        <TopLine Value="16"/>
        <CursorPos X="22" Y="24"/>
        <UsageCount Value="14"/>
        <DefaultSyntaxHighlighter Value="Delphi"/>
      </Unit53>
      <Unit54>
        <Filename Value="../composants/u_regfwbuttons.pas"/>
        <UnitName Value="u_regfwbuttons"/>
        <WindowIndex Value="0"/>
        <TopLine Value="1"/>
        <CursorPos X="100" Y="42"/>
        <UsageCount Value="9"/>
        <DefaultSyntaxHighlighter Value="Delphi"/>
      </Unit54>
      <Unit55>
        <Filename Value="../composants/u_buttons_appli.lrs"/>
        <WindowIndex Value="0"/>
        <TopLine Value="261"/>
        <CursorPos X="1" Y="1"/>
        <UsageCount Value="9"/>
        <DefaultSyntaxHighlighter Value="Delphi"/>
      </Unit55>
      <Unit56>
        <Filename Value="../forms/u_customizemenu.lfm"/>
        <WindowIndex Value="0"/>
        <TopLine Value="1"/>
        <CursorPos X="1" Y="1"/>
        <UsageCount Value="9"/>
        <DefaultSyntaxHighlighter Value="LFM"/>
      </Unit56>
      <Unit57>
        <Filename Value="../../../Lazarus/composants/jvXP/JvXPButtons.pas"/>
        <UnitName Value="JvXPButtons"/>
        <WindowIndex Value="0"/>
        <TopLine Value="58"/>
        <CursorPos X="108" Y="102"/>
        <UsageCount Value="9"/>
        <DefaultSyntaxHighlighter Value="Delphi"/>
      </Unit57>
      <Unit58>
        <Filename Value="../composants/U_OnFormInfoIni.pas"/>
        <UnitName Value="U_OnFormInfoIni"/>
        <WindowIndex Value="0"/>
        <TopLine Value="167"/>
        <CursorPos X="1" Y="190"/>
        <UsageCount Value="17"/>
        <DefaultSyntaxHighlighter Value="Delphi"/>
      </Unit58>
      <Unit59>
        <Filename Value="../fonctions/fonctions_images.pas"/>
        <UnitName Value="fonctions_images"/>
        <WindowIndex Value="0"/>
        <TopLine Value="313"/>
        <CursorPos X="17" Y="327"/>
        <UsageCount Value="14"/>
        <DefaultSyntaxHighlighter Value="Delphi"/>
      </Unit59>
      <Unit60>
        <Filename Value="/usr/lib/lazarus/0.9.30.2/lcl/include/customcombobox.inc"/>
        <WindowIndex Value="0"/>
        <TopLine Value="492"/>
        <CursorPos X="49" Y="502"/>
        <UsageCount Value="11"/>
      </Unit60>
      <Unit61>
        <Filename Value="/usr/lib/lazarus/0.9.30.2/lcl/stdctrls.pp"/>
        <UnitName Value="StdCtrls"/>
        <WindowIndex Value="0"/>
        <TopLine Value="298"/>
        <CursorPos X="19" Y="308"/>
        <UsageCount Value="11"/>
      </Unit61>
      <Unit62>
        <Filename Value="/usr/lib/lazarus/0.9.30.2/lcl/controls.pp"/>
        <UnitName Value="Controls"/>
        <WindowIndex Value="0"/>
        <TopLine Value="1817"/>
        <CursorPos X="15" Y="1839"/>
        <UsageCount Value="11"/>
      </Unit62>
      <Unit63>
        <Filename Value="/usr/lib/lazarus/0.9.30.2/lcl/include/wincontrol.inc"/>
        <WindowIndex Value="0"/>
        <TopLine Value="4788"/>
        <CursorPos X="1" Y="4810"/>
        <UsageCount Value="11"/>
      </Unit63>
      <Unit64>
        <Filename Value="/usr/lib/lazarus/0.9.30.2/lcl/include/control.inc"/>
        <WindowIndex Value="0"/>
        <TopLine Value="2774"/>
        <CursorPos X="1" Y="2808"/>
        <UsageCount Value="9"/>
      </Unit64>
      <Unit65>
        <Filename Value="/usr/lib/lazarus/0.9.30.2/lcl/interfaces/gtk2/gtk2wsstdctrls.pp"/>
        <UnitName Value="Gtk2WSStdCtrls"/>
        <WindowIndex Value="0"/>
        <TopLine Value="1575"/>
        <CursorPos X="1" Y="1608"/>
        <UsageCount Value="9"/>
      </Unit65>
      <Unit66>
        <Filename Value="/usr/lib/lazarus/0.9.30.2/lcl/include/dblookupcombobox.inc"/>
        <WindowIndex Value="0"/>
        <TopLine Value="75"/>
        <CursorPos X="1" Y="71"/>
        <UsageCount Value="9"/>
      </Unit66>
      <Unit67>
        <Filename Value="../fonctions/fonctions_db.pas"/>
        <UnitName Value="fonctions_db"/>
        <WindowIndex Value="0"/>
        <TopLine Value="170"/>
        <CursorPos X="1" Y="206"/>
        <UsageCount Value="10"/>
        <DefaultSyntaxHighlighter Value="Delphi"/>
      </Unit67>
      <Unit68>
        <Filename Value="../../Imaging/Source/Imaging.pas"/>
        <UnitName Value="Imaging"/>
        <WindowIndex Value="0"/>
        <TopLine Value="975"/>
        <CursorPos X="1" Y="997"/>
        <UsageCount Value="11"/>
        <DefaultSyntaxHighlighter Value="Delphi"/>
      </Unit68>
      <Unit69>
        <Filename Value="../../Imaging/Source/ImagingJpeg.pas"/>
        <UnitName Value="ImagingJpeg"/>
        <WindowIndex Value="0"/>
        <TopLine Value="381"/>
        <CursorPos X="1" Y="410"/>
        <UsageCount Value="11"/>
        <DefaultSyntaxHighlighter Value="Delphi"/>
      </Unit69>
      <Unit70>
        <Filename Value="/usr/share/fpcsrc/2.4.4/packages/pasjpeg/src/jpeglib.pas"/>
        <UnitName Value="JPEGLib"/>
        <WindowIndex Value="0"/>
        <TopLine Value="1"/>
        <CursorPos X="127" Y="14"/>
        <UsageCount Value="11"/>
      </Unit70>
      <Unit71>
        <Filename Value="/usr/lib/lazarus/0.9.30.2/lcl/include/jpegimage.inc"/>
        <WindowIndex Value="0"/>
        <TopLine Value="43"/>
        <CursorPos X="13" Y="70"/>
        <UsageCount Value="10"/>
      </Unit71>
      <Unit72>
        <Filename Value="/usr/lib/lazarus/0.9.30.2/lcl/graphics.pp"/>
        <UnitName Value="Graphics"/>
        <WindowIndex Value="0"/>
        <TopLine Value="1405"/>
        <CursorPos X="15" Y="1427"/>
        <UsageCount Value="10"/>
      </Unit72>
      <Unit73>
        <Filename Value="/usr/share/fpcsrc/2.4.4/packages/fcl-image/src/fpreadjpeg.pas"/>
        <UnitName Value="FPReadJPEG"/>
        <WindowIndex Value="0"/>
        <TopLine Value="49"/>
        <CursorPos X="3" Y="48"/>
        <UsageCount Value="10"/>
      </Unit73>
      <Unit74>
        <Filename Value="/usr/lib/lazarus/0.9.30.2/lcl/include/graphic.inc"/>
        <WindowIndex Value="0"/>
        <TopLine Value="130"/>
        <CursorPos X="1" Y="140"/>
        <UsageCount Value="10"/>
      </Unit74>
      <Unit75>
        <Filename Value="/usr/lib/lazarus/0.9.30.2/lcl/include/rasterimage.inc"/>
        <WindowIndex Value="0"/>
        <TopLine Value="630"/>
        <CursorPos X="3" Y="638"/>
        <UsageCount Value="9"/>
      </Unit75>
      <Unit76>
        <Filename Value="/usr/lib/lazarus/0.9.30.2/lcl/include/picture.inc"/>
        <WindowIndex Value="0"/>
        <TopLine Value="568"/>
        <CursorPos X="20" Y="594"/>
        <UsageCount Value="10"/>
      </Unit76>
      <Unit77>
        <Filename Value="/usr/lib/lazarus/0.9.30.2/lcl/intfgraphics.pas"/>
        <UnitName Value="IntfGraphics"/>
        <WindowIndex Value="0"/>
        <TopLine Value="226"/>
        <CursorPos X="52" Y="248"/>
        <UsageCount Value="10"/>
      </Unit77>
      <Unit78>
        <Filename Value="/usr/lib/lazarus/0.9.30.2/packager/confirmpkglistdlg.pas"/>
        <UnitName Value="ConfirmPkgListDlg"/>
        <WindowIndex Value="0"/>
        <TopLine Value="58"/>
        <CursorPos X="15" Y="89"/>
        <UsageCount Value="9"/>
      </Unit78>
      <Unit79>
        <Filename Value="/usr/share/fpcsrc/2.4.4/rtl/objpas/strutils.pp"/>
        <UnitName Value="strutils"/>
        <WindowIndex Value="0"/>
        <TopLine Value="74"/>
        <CursorPos X="10" Y="96"/>
        <UsageCount Value="9"/>
      </Unit79>
      <Unit80>
        <Filename Value="/usr/lib/lazarus/0.9.30.2/lcl/include/fpimagebitmap.inc"/>
        <WindowIndex Value="0"/>
        <TopLine Value="75"/>
        <CursorPos X="3" Y="79"/>
        <UsageCount Value="9"/>
      </Unit80>
      <Unit81>
        <Filename Value="../../Imaging/Source/ImagingTypes.pas"/>
        <UnitName Value="ImagingTypes"/>
        <WindowIndex Value="0"/>
        <TopLine Value="315"/>
        <CursorPos X="3" Y="337"/>
        <UsageCount Value="9"/>
        <DefaultSyntaxHighlighter Value="Delphi"/>
      </Unit81>
      <Unit82>
        <Filename Value="/usr/lib/lazarus/0.9.30.2/lcl/graphtype.pp"/>
        <UnitName Value="GraphType"/>
        <WindowIndex Value="0"/>
        <TopLine Value="271"/>
        <CursorPos X="84" Y="271"/>
        <UsageCount Value="9"/>
      </Unit82>
      <Unit83>
        <Filename Value="/usr/lib/lazarus/0.9.30.2/lcl/dbctrls.pp"/>
        <UnitName Value="DbCtrls"/>
        <WindowIndex Value="0"/>
        <TopLine Value="1579"/>
        <CursorPos X="1" Y="1601"/>
        <UsageCount Value="10"/>
      </Unit83>
      <Unit84>
        <Filename Value="../composants/U_ExtDBImage.pas"/>
        <UnitName Value="U_ExtDBImage"/>
        <WindowIndex Value="0"/>
        <TopLine Value="21"/>
        <CursorPos X="25" Y="42"/>
        <UsageCount Value="10"/>
        <DefaultSyntaxHighlighter Value="Delphi"/>
      </Unit84>
      <Unit85>
        <Filename Value="../composants/u_extimage.pas"/>
        <UnitName Value="U_ExtImage"/>
        <WindowIndex Value="0"/>
        <TopLine Value="20"/>
        <CursorPos X="1" Y="37"/>
        <UsageCount Value="10"/>
        <DefaultSyntaxHighlighter Value="Delphi"/>
      </Unit85>
      <Unit86>
        <Filename Value="/usr/lib/lazarus/0.9.30.2/lcl/extctrls.pp"/>
        <UnitName Value="ExtCtrls"/>
        <WindowIndex Value="0"/>
        <TopLine Value="723"/>
        <CursorPos X="3" Y="781"/>
        <UsageCount Value="10"/>
      </Unit86>
      <Unit87>
        <Filename Value="/usr/share/fpcsrc/2.4.4/packages/fcl-db/src/base/db.pas"/>
        <UnitName Value="db"/>
        <WindowIndex Value="0"/>
        <TopLine Value="803"/>
        <CursorPos X="22" Y="824"/>
        <UsageCount Value="10"/>
      </Unit87>
      <Unit88>
        <Filename Value="/usr/share/fpcsrc/2.4.4/packages/fcl-db/src/base/fields.inc"/>
        <WindowIndex Value="0"/>
        <TopLine Value="2583"/>
        <CursorPos X="142" Y="2604"/>
        <UsageCount Value="10"/>
      </Unit88>
      <Unit89>
        <Filename Value="demo.lrs"/>
        <WindowIndex Value="0"/>
        <TopLine Value="43"/>
        <CursorPos X="1" Y="65"/>
        <UsageCount Value="9"/>
        <DefaultSyntaxHighlighter Value="Delphi"/>
      </Unit89>
      <Unit90>
        <Filename Value="../composants/U_ExtNumEdits.pas"/>
        <UnitName Value="U_ExtNumEdits"/>
        <WindowIndex Value="0"/>
        <TopLine Value="215"/>
        <CursorPos X="1" Y="252"/>
        <UsageCount Value="17"/>
        <DefaultSyntaxHighlighter Value="Delphi"/>
      </Unit90>
      <Unit91>
        <Filename Value="../composants/u_extcomponent.pas"/>
        <UnitName Value="u_extcomponent"/>
        <WindowIndex Value="0"/>
        <TopLine Value="22"/>
        <CursorPos X="3" Y="39"/>
        <UsageCount Value="17"/>
        <DefaultSyntaxHighlighter Value="Delphi"/>
      </Unit91>
      <Unit92>
        <Filename Value="../composants/U_ExtPictCombo.pas"/>
        <UnitName Value="U_ExtPictCombo"/>
        <WindowIndex Value="0"/>
        <TopLine Value="25"/>
        <CursorPos X="60" Y="46"/>
        <UsageCount Value="21"/>
        <DefaultSyntaxHighlighter Value="Delphi"/>
      </Unit92>
      <Unit93>
        <Filename Value="../../ibx/runtime/IBIntf.pas"/>
        <UnitName Value="IBIntf"/>
        <WindowIndex Value="0"/>
        <TopLine Value="67"/>
        <CursorPos X="3" Y="84"/>
        <UsageCount Value="17"/>
        <DefaultSyntaxHighlighter Value="Delphi"/>
      </Unit93>
      <Unit94>
        <Filename Value="../fonctions/fonctions_init.pas"/>
        <UnitName Value="fonctions_init"/>
        <WindowIndex Value="0"/>
        <TopLine Value="808"/>
        <CursorPos X="37" Y="841"/>
        <UsageCount Value="18"/>
        <DefaultSyntaxHighlighter Value="Delphi"/>
      </Unit94>
      <Unit95>
        <Filename Value="../../ibx/runtime/IBHeader.pas"/>
        <UnitName Value="IBHeader"/>
        <WindowIndex Value="0"/>
        <TopLine Value="33"/>
        <CursorPos X="11" Y="50"/>
        <UsageCount Value="16"/>
        <DefaultSyntaxHighlighter Value="Delphi"/>
      </Unit95>
      <Unit96>
        <Filename Value="../../ibx/runtime/IBXConst.pas"/>
        <UnitName Value="IBXConst"/>
        <WindowIndex Value="0"/>
        <TopLine Value="155"/>
        <CursorPos X="99" Y="181"/>
        <UsageCount Value="16"/>
        <DefaultSyntaxHighlighter Value="Delphi"/>
      </Unit96>
      <Unit97>
        <Filename Value="../../ibx/runtime/IBDatabase.pas"/>
        <UnitName Value="IBDatabase"/>
        <WindowIndex Value="0"/>
        <TopLine Value="1"/>
        <CursorPos X="1" Y="1"/>
        <UsageCount Value="10"/>
        <DefaultSyntaxHighlighter Value="Delphi"/>
      </Unit97>
      <Unit98>
        <Filename Value="../../UIB/source/uibdataset.pas"/>
        <UnitName Value="uibdataset"/>
        <WindowIndex Value="0"/>
        <TopLine Value="121"/>
        <CursorPos X="31" Y="135"/>
        <UsageCount Value="12"/>
        <DefaultSyntaxHighlighter Value="Delphi"/>
      </Unit98>
      <Unit99>
        <Filename Value="../../UIB/source/uib.pas"/>
        <UnitName Value="uib"/>
        <WindowIndex Value="0"/>
        <TopLine Value="1373"/>
        <CursorPos X="1" Y="1398"/>
        <UsageCount Value="14"/>
        <DefaultSyntaxHighlighter Value="Delphi"/>
      </Unit99>
      <Unit100>
        <Filename Value="../../UIB/source/uibase.pas"/>
        <UnitName Value="uibase"/>
        <WindowIndex Value="0"/>
        <TopLine Value="4069"/>
        <CursorPos X="1" Y="4102"/>
        <UsageCount Value="15"/>
        <DefaultSyntaxHighlighter Value="Delphi"/>
      </Unit100>
      <Unit101>
        <Filename Value="../../UIB/source/uiblib.pas"/>
        <UnitName Value="uiblib"/>
        <WindowIndex Value="0"/>
        <TopLine Value="1499"/>
        <CursorPos X="1" Y="1521"/>
        <UsageCount Value="12"/>
        <DefaultSyntaxHighlighter Value="Delphi"/>
      </Unit101>
      <Unit102>
        <Filename Value="../composants/U_ExtDBImageList.pas"/>
        <UnitName Value="U_ExtDBImageList"/>
        <WindowIndex Value="0"/>
        <TopLine Value="20"/>
        <CursorPos X="83" Y="32"/>
        <UsageCount Value="12"/>
        <DefaultSyntaxHighlighter Value="Delphi"/>
      </Unit102>
      <Unit103>
        <Filename Value="../composants/u_extmapimageindex.pas"/>
        <UnitName Value="U_ExtMapImageIndex"/>
        <WindowIndex Value="0"/>
        <TopLine Value="1"/>
        <CursorPos X="83" Y="31"/>
        <UsageCount Value="14"/>
        <DefaultSyntaxHighlighter Value="Delphi"/>
      </Unit103>
      <Unit104>
        <Filename Value="../composants/u_framework_components.pas"/>
        <UnitName Value="u_framework_components"/>
        <WindowIndex Value="0"/>
        <TopLine Value="61"/>
        <CursorPos X="1" Y="1"/>
        <UsageCount Value="10"/>
        <DefaultSyntaxHighlighter Value="Delphi"/>
      </Unit104>
      <Unit105>
        <Filename Value="../../manframes/fonctions/fonctions_manbase.pas"/>
        <UnitName Value="fonctions_manbase"/>
        <WindowIndex Value="0"/>
        <TopLine Value="51"/>
        <CursorPos X="1" Y="1"/>
        <UsageCount Value="10"/>
        <DefaultSyntaxHighlighter Value="Delphi"/>
      </Unit105>
      <Unit106>
        <Filename Value="/usr/share/fpcsrc/2.4.4/rtl/objpas/classes/classesh.inc"/>
        <WindowIndex Value="0"/>
        <TopLine Value="482"/>
        <CursorPos X="5" Y="510"/>
        <UsageCount Value="12"/>
      </Unit106>
      <Unit107>
        <Filename Value="../../manframes/composants/u_propform.pas"/>
        <UnitName Value="u_propform"/>
        <WindowIndex Value="0"/>
        <TopLine Value="71"/>
        <CursorPos X="85" Y="58"/>
        <UsageCount Value="12"/>
        <DefaultSyntaxHighlighter Value="Delphi"/>
      </Unit107>
      <Unit108>
        <Filename Value="../composants/U_ExtColorCombos.pas"/>
        <UnitName Value="U_ExtColorCombos"/>
        <WindowIndex Value="0"/>
        <TopLine Value="119"/>
        <CursorPos X="79" Y="137"/>
        <UsageCount Value="14"/>
        <DefaultSyntaxHighlighter Value="Delphi"/>
      </Unit108>
      <Unit109>
        <Filename Value="../lazextcomponents.pas"/>
        <UnitName Value="lazextcomponents"/>
        <WindowIndex Value="0"/>
        <TopLine Value="1"/>
        <CursorPos X="7" Y="9"/>
        <UsageCount Value="12"/>
        <DefaultSyntaxHighlighter Value="Delphi"/>
      </Unit109>
      <Unit110>
        <Filename Value="../composants/U_GroupView.pas"/>
        <UnitName Value="U_GroupView"/>
        <WindowIndex Value="0"/>
        <TopLine Value="1875"/>
        <CursorPos X="46" Y="1911"/>
        <UsageCount Value="11"/>
        <DefaultSyntaxHighlighter Value="Delphi"/>
      </Unit110>
      <Unit111>
        <Filename Value="../fonctions/fonctions_languages.pas"/>
        <UnitName Value="fonctions_languages"/>
        <WindowIndex Value="0"/>
        <TopLine Value="264"/>
        <CursorPos X="21" Y="286"/>
        <UsageCount Value="11"/>
        <DefaultSyntaxHighlighter Value="Delphi"/>
      </Unit111>
      <Unit112>
        <Filename Value="../composants/U_DBListView.pas"/>
        <UnitName Value="U_DBListView"/>
        <WindowIndex Value="0"/>
        <TopLine Value="290"/>
        <CursorPos X="6" Y="312"/>
        <UsageCount Value="11"/>
        <DefaultSyntaxHighlighter Value="Delphi"/>
      </Unit112>
      <Unit113>
        <Filename Value="../fonctions/fonctions_variant.pas"/>
        <UnitName Value="fonctions_variant"/>
        <WindowIndex Value="0"/>
        <TopLine Value="332"/>
        <CursorPos X="16" Y="368"/>
        <UsageCount Value="10"/>
        <DefaultSyntaxHighlighter Value="Delphi"/>
      </Unit113>
      <Unit114>
        <Filename Value="../composants/U_RegisterGroupView.pas"/>
        <UnitName Value="U_RegisterGroupView"/>
        <WindowIndex Value="0"/>
        <TopLine Value="51"/>
        <CursorPos X="106" Y="85"/>
        <UsageCount Value="14"/>
        <DefaultSyntaxHighlighter Value="Delphi"/>
      </Unit114>
      <Unit115>
        <Filename Value="../../ManFrames/forms/U_FenetrePrincipale.lfm"/>
        <WindowIndex Value="0"/>
        <TopLine Value="1"/>
        <CursorPos X="1" Y="1"/>
        <UsageCount Value="12"/>
        <DefaultSyntaxHighlighter Value="LFM"/>
      </Unit115>
      <Unit116>
        <Filename Value="../composants/u_extmenucustomize.pas"/>
        <UnitName Value="u_extmenucustomize"/>
        <WindowIndex Value="0"/>
        <TopLine Value="15"/>
        <CursorPos X="3" Y="37"/>
        <UsageCount Value="12"/>
        <DefaultSyntaxHighlighter Value="Delphi"/>
      </Unit116>
      <Unit117>
        <Filename Value="../extends.inc"/>
        <WindowIndex Value="0"/>
        <TopLine Value="1"/>
        <CursorPos X="1" Y="1"/>
        <UsageCount Value="10"/>
        <DefaultSyntaxHighlighter Value="Delphi"/>
      </Unit117>
      <Unit118>
        <Filename Value="../../../Lazarus/composants/virtualtreeview/include/intf/win32/olemethods.inc"/>
        <WindowIndex Value="0"/>
        <TopLine Value="41"/>
        <CursorPos X="32" Y="84"/>
        <UsageCount Value="11"/>
        <DefaultSyntaxHighlighter Value="Delphi"/>
      </Unit118>
      <Unit119>
        <Filename Value="../../../Lazarus/composants/lclextensions/oleutils.pas"/>
        <UnitName Value="oleutils"/>
        <WindowIndex Value="0"/>
        <TopLine Value="34"/>
        <CursorPos X="5" Y="62"/>
        <UsageCount Value="11"/>
        <DefaultSyntaxHighlighter Value="Delphi"/>
      </Unit119>
      <Unit120>
        <Filename Value="../../../Lazarus/composants/virtualtreeview/VirtualTrees.pas"/>
        <UnitName Value="VirtualTrees"/>
        <WindowIndex Value="0"/>
        <TopLine Value="26687"/>
        <CursorPos X="20" Y="26709"/>
        <UsageCount Value="12"/>
        <DefaultSyntaxHighlighter Value="Delphi"/>
      </Unit120>
      <Unit121>
        <Filename Value="../../../../../lazarus/lcl/include/menuitem.inc"/>
        <WindowIndex Value="0"/>
        <TopLine Value="435"/>
        <CursorPos X="1" Y="457"/>
        <UsageCount Value="10"/>
        <DefaultSyntaxHighlighter Value="Delphi"/>
      </Unit121>
      <Unit122>
        <Filename Value="../extcopy.pas"/>
        <UnitName Value="ExtCopy"/>
        <WindowIndex Value="0"/>
        <TopLine Value="1"/>
        <CursorPos X="12" Y="21"/>
        <UsageCount Value="12"/>
        <DefaultSyntaxHighlighter Value="Delphi"/>
      </Unit122>
      <Unit123>
        <Filename Value="/usr/lib/lazarus/0.9.30/lcl/include/menuitem.inc"/>
        <WindowIndex Value="0"/>
        <TopLine Value="432"/>
        <CursorPos X="1" Y="457"/>
        <UsageCount Value="12"/>
        <DefaultSyntaxHighlighter Value="Delphi"/>
      </Unit123>
      <Unit124>
        <Filename Value="../fonctions/fonctions_objects.pas"/>
        <UnitName Value="fonctions_objects"/>
        <WindowIndex Value="0"/>
        <TopLine Value="7"/>
        <CursorPos X="1" Y="43"/>
        <UsageCount Value="11"/>
        <DefaultSyntaxHighlighter Value="Delphi"/>
      </Unit124>
      <Unit125>
        <Filename Value="/usr/lib/lazarus/0.9.30/lcl/toolwin.pp"/>
        <UnitName Value="Toolwin"/>
        <WindowIndex Value="0"/>
        <TopLine Value="36"/>
        <CursorPos X="15" Y="66"/>
        <UsageCount Value="10"/>
        <DefaultSyntaxHighlighter Value="Delphi"/>
      </Unit125>
      <Unit126>
        <Filename Value="/usr/lib/lazarus/0.9.30/lcl/include/toolwindow.inc"/>
        <WindowIndex Value="0"/>
        <TopLine Value="53"/>
        <CursorPos X="17" Y="93"/>
        <UsageCount Value="10"/>
        <DefaultSyntaxHighlighter Value="Delphi"/>
      </Unit126>
      <Unit127>
        <Filename Value="/usr/lib/lazarus/0.9.30/lcl/include/customcontrol.inc"/>
        <WindowIndex Value="0"/>
        <TopLine Value="80"/>
        <CursorPos X="3" Y="123"/>
        <UsageCount Value="10"/>
        <DefaultSyntaxHighlighter Value="Delphi"/>
      </Unit127>
      <Unit128>
        <Filename Value="../../composants/u_framework_dbcomponents.pas"/>
        <UnitName Value="u_framework_dbcomponents"/>
        <WindowIndex Value="0"/>
        <TopLine Value="273"/>
        <CursorPos X="83" Y="295"/>
        <UsageCount Value="10"/>
      </Unit128>
      <Unit129>
        <Filename Value="../../composants/u_framework_components.pas"/>
        <UnitName Value="u_framework_components"/>
        <WindowIndex Value="0"/>
        <TopLine Value="86"/>
        <CursorPos X="45" Y="90"/>
        <UsageCount Value="10"/>
      </Unit129>
      <Unit130>
        <Filename Value="../../../../../../lazarus/lcl/spin.pp"/>
        <UnitName Value="Spin"/>
        <WindowIndex Value="0"/>
        <TopLine Value="108"/>
        <CursorPos X="36" Y="125"/>
        <UsageCount Value="10"/>
        <DefaultSyntaxHighlighter Value="Delphi"/>
      </Unit130>
      <Unit131>
        <Filename Value="../../composants/U_ExtColorCombos.pas"/>
        <UnitName Value="U_ExtColorCombos"/>
        <WindowIndex Value="0"/>
        <TopLine Value="403"/>
        <CursorPos X="86" Y="435"/>
        <UsageCount Value="10"/>
      </Unit131>
      <Unit132>
        <Filename Value="../../composants/U_ExtPictCombo.pas"/>
        <UnitName Value="U_ExtPictCombo"/>
        <WindowIndex Value="0"/>
        <TopLine Value="328"/>
        <CursorPos X="2" Y="328"/>
        <UsageCount Value="10"/>
      </Unit132>
      <Unit133>
        <Filename Value="../../composants/U_ExtComboInsert.pas"/>
        <UnitName Value="U_ExtComboInsert"/>
        <WindowIndex Value="0"/>
        <TopLine Value="571"/>
        <CursorPos X="17" Y="597"/>
        <UsageCount Value="10"/>
      </Unit133>
      <Unit134>
        <Filename Value="../../../../../../lazarus/lcl/stdctrls.pp"/>
        <UnitName Value="StdCtrls"/>
        <WindowIndex Value="0"/>
        <TopLine Value="272"/>
        <CursorPos X="3" Y="263"/>
        <UsageCount Value="10"/>
        <DefaultSyntaxHighlighter Value="Delphi"/>
      </Unit134>
      <Unit135>
        <Filename Value="../../composants/u_extmenucustomize.pas"/>
        <UnitName Value="u_extmenucustomize"/>
        <WindowIndex Value="0"/>
        <TopLine Value="113"/>
        <CursorPos X="22" Y="127"/>
        <UsageCount Value="10"/>
      </Unit135>
      <Unit136>
        <Filename Value="../../forms/U_About.pas"/>
        <UnitName Value="U_About"/>
        <WindowIndex Value="0"/>
        <TopLine Value="32"/>
        <CursorPos X="23" Y="54"/>
        <UsageCount Value="10"/>
      </Unit136>
      <Unit137>
        <Filename Value="../../fonctions/fonctions_languages.pas"/>
        <UnitName Value="fonctions_languages"/>
        <WindowIndex Value="0"/>
        <TopLine Value="1"/>
        <CursorPos X="21" Y="11"/>
        <UsageCount Value="10"/>
      </Unit137>
      <Unit138>
        <Filename Value="../FDV Demo/U_ComposeArticle.pas"/>
        <UnitName Value="U_ComposeArticle"/>
        <IsVisibleTab Value="True"/>
        <EditorIndex Value="2"/>
        <WindowIndex Value="0"/>
        <TopLine Value="1"/>
        <CursorPos X="1" Y="1"/>
        <UsageCount Value="10"/>
        <Loaded Value="True"/>
        <DefaultSyntaxHighlighter Value="Delphi"/>
      </Unit138>
    </Units>
    <JumpHistory Count="3" HistoryIndex="2">
      <Position1>
        <Filename Value="u_components.pas"/>
        <Caret Line="154" Column="64" TopLine="148"/>
      </Position1>
      <Position2>
        <Filename Value="u_components.pas"/>
        <Caret Line="13" Column="45" TopLine="1"/>
      </Position2>
      <Position3>
        <Filename Value="u_components.pas"/>
        <Caret Line="22" Column="64" TopLine="1"/>
      </Position3>
    </JumpHistory>
  </ProjectOptions>
  <CompilerOptions>
    <Version Value="9"/>
    <SearchPaths>
      <IncludeFiles Value="$(ProjOutDir)"/>
    </SearchPaths>
    <Parsing>
      <SyntaxOptions>
        <SyntaxMode Value="Delphi"/>
        <UseAnsiStrings Value="False"/>
      </SyntaxOptions>
    </Parsing>
    <CodeGeneration>
      <Optimizations>
        <OptimizationLevel Value="0"/>
      </Optimizations>
    </CodeGeneration>
    <Other>
      <Verbosity>
        <ShowNotes Value="False"/>
        <ShowHints Value="False"/>
        <ShowGenInfo Value="False"/>
      </Verbosity>
      <WriteFPCLogo Value="False"/>
      <CompilerMessages>
        <UseMsgFile Value="True"/>
      </CompilerMessages>
      <CompilerPath Value="$(CompPath)"/>
    </Other>
  </CompilerOptions>
  <Debugging>
    <BreakPoints Count="4">
      <Item1>
        <Source Value="/usr/share/fpcsrc/2.4.4/packages/fcl-db/src/base/fields.inc"/>
        <Line Value="2586"/>
      </Item1>
      <Item2>
        <Source Value="../../ibx/runtime/IBDatabase.pas"/>
        <Line Value="884"/>
      </Item2>
      <Item3>
        <Source Value="../composants/u_extmenucustomize.pas"/>
        <Line Value="157"/>
      </Item3>
      <Item4>
        <Source Value="u_components.pas"/>
        <Line Value="130"/>
      </Item4>
    </BreakPoints>
    <Exceptions Count="4">
      <Item1>
        <Name Value="EAbort"/>
      </Item1>
      <Item2>
        <Name Value="ECodetoolError"/>
      </Item2>
      <Item3>
        <Name Value="EFOpenError"/>
      </Item3>
      <Item4>
        <Name Value="EIBInterBaseError"/>
      </Item4>
    </Exceptions>
  </Debugging>
</CONFIG>
