<?xml version="1.0"?>
<CONFIG>
  <ProjectOptions>
    <Version Value="9"/>
    <General>
      <MainUnit Value="0"/>
      <UseXPManifest Value="True"/>
      <Icon Value="0"/>
      <ActiveWindowIndexAtStart Value="0"/>
    </General>
    <VersionInfo>
      <Language Value=""/>
      <CharSet Value=""/>
      <StringTable ProductVersion=""/>
    </VersionInfo>
    <BuildModes Count="1">
      <Item1 Name="default" Default="True"/>
    </BuildModes>
    <PublishOptions>
      <Version Value="2"/>
      <IgnoreBinaries Value="False"/>
      <IncludeFileFilter Value="*.(pas|pp|inc|lfm|lpr|lrs|lpi|lpk|sh|xml)"/>
      <ExcludeFileFilter Value="*.(bak|ppu|ppw|o|so);*~;backup"/>
    </PublishOptions>
    <RunParams>
      <local>
        <FormatVersion Value="1"/>
        <LaunchingApplication PathPlusParams="/usr/X11R6/bin/xterm -T 'Lazarus Run Output' -e $(LazarusDir)/tools/runwait.sh $(TargetCmdLine)"/>
      </local>
    </RunParams>
    <RequiredPackages Count="5">
      <Item1>
        <PackageName Value="ibexpress"/>
      </Item1>
      <Item2>
        <PackageName Value="FCL"/>
        <MinVersion Major="1" Valid="True"/>
      </Item2>
      <Item3>
        <PackageName Value="DBFLaz"/>
        <MinVersion Minor="1" Release="1" Valid="True"/>
      </Item3>
      <Item4>
        <PackageName Value="lazextcomponents"/>
        <MinVersion Minor="9" Build="4" Valid="True"/>
      </Item4>
      <Item5>
        <PackageName Value="LCL"/>
      </Item5>
    </RequiredPackages>
    <Units Count="41">
      <Unit0>
        <Filename Value="demo.lpr"/>
        <IsPartOfProject Value="True"/>
        <UnitName Value="demo"/>
        <EditorIndex Value="0"/>
        <WindowIndex Value="0"/>
        <TopLine Value="1"/>
        <CursorPos X="63" Y="19"/>
        <UsageCount Value="66"/>
        <Loaded Value="True"/>
        <LoadedDesigner Value="True"/>
      </Unit0>
      <Unit1>
        <Filename Value="/usr/lib/lazarus/0.9.30/lcl/include/application.inc"/>
        <WindowIndex Value="0"/>
        <TopLine Value="1206"/>
        <CursorPos X="1" Y="1229"/>
        <UsageCount Value="10"/>
      </Unit1>
      <Unit2>
        <Filename Value="u_components.lfm"/>
        <WindowIndex Value="0"/>
        <TopLine Value="1"/>
        <CursorPos X="1" Y="1"/>
        <UsageCount Value="10"/>
        <DefaultSyntaxHighlighter Value="LFM"/>
      </Unit2>
      <Unit3>
        <Filename Value="../../ManFrames/composants/u_customframework.pas"/>
        <ComponentName Value="F_CustomFrameWork"/>
        <HasResources Value="True"/>
        <ResourceBaseClass Value="Form"/>
        <UnitName Value="u_customframework"/>
        <WindowIndex Value="0"/>
        <TopLine Value="61"/>
        <CursorPos X="108" Y="82"/>
        <UsageCount Value="16"/>
        <DefaultSyntaxHighlighter Value="Delphi"/>
      </Unit3>
      <Unit4>
        <Filename Value="../composants/u_framework_dbcomponents.pas"/>
        <UnitName Value="u_framework_dbcomponents"/>
        <EditorIndex Value="5"/>
        <WindowIndex Value="0"/>
        <TopLine Value="163"/>
        <CursorPos X="88" Y="173"/>
        <UsageCount Value="17"/>
        <Loaded Value="True"/>
      </Unit4>
      <Unit5>
        <Filename Value="/usr/lib/lazarus/0.9.30/lcl/dbgrids.pas"/>
        <UnitName Value="DBGrids"/>
        <WindowIndex Value="0"/>
        <TopLine Value="1220"/>
        <CursorPos X="1" Y="1242"/>
        <UsageCount Value="14"/>
      </Unit5>
      <Unit6>
        <Filename Value="/usr/lib/lazarus/0.9.30/lcl/grids.pas"/>
        <UnitName Value="Grids"/>
        <WindowIndex Value="0"/>
        <TopLine Value="4257"/>
        <CursorPos X="1" Y="4279"/>
        <UsageCount Value="14"/>
      </Unit6>
      <Unit7>
        <Filename Value="../../../Lazarus/composants/rxfpc/rxdbgrid.pas"/>
        <UnitName Value="rxdbgrid"/>
        <WindowIndex Value="0"/>
        <TopLine Value="1036"/>
        <CursorPos X="1" Y="1059"/>
        <UsageCount Value="14"/>
      </Unit7>
      <Unit8>
        <Filename Value="../../XMLFrames/composants/u_xmlform.pas"/>
        <UnitName Value="u_xmlform"/>
        <WindowIndex Value="0"/>
        <TopLine Value="100"/>
        <CursorPos X="109" Y="115"/>
        <UsageCount Value="18"/>
      </Unit8>
      <Unit9>
        <Filename Value="../composants/u_extdbgrid.pas"/>
        <UnitName Value="u_extdbgrid"/>
        <WindowIndex Value="0"/>
        <TopLine Value="428"/>
        <CursorPos X="14" Y="428"/>
        <UsageCount Value="13"/>
      </Unit9>
      <Unit10>
        <Filename Value="u_components.pas"/>
        <ComponentName Value="Myform"/>
        <HasResources Value="True"/>
        <ResourceBaseClass Value="Form"/>
        <UnitName Value="U_Components"/>
        <IsVisibleTab Value="True"/>
        <EditorIndex Value="1"/>
        <WindowIndex Value="0"/>
        <TopLine Value="77"/>
        <CursorPos X="73" Y="109"/>
        <UsageCount Value="15"/>
        <Loaded Value="True"/>
        <LoadedDesigner Value="True"/>
      </Unit10>
      <Unit11>
        <Filename Value="../../../Lazarus/Livre/Lazarus/NomsDepFIREBIRD/ufiche.pas"/>
        <ComponentName Value="MaFiche"/>
        <HasResources Value="True"/>
        <ResourceBaseClass Value="Form"/>
        <UnitName Value="UFiche"/>
        <WindowIndex Value="0"/>
        <TopLine Value="41"/>
        <CursorPos X="1" Y="1"/>
        <UsageCount Value="11"/>
      </Unit11>
      <Unit12>
        <Filename Value="../../ZEOSDBO/src/component/ZAbstractRODataset.pas"/>
        <UnitName Value="ZAbstractRODataset"/>
        <WindowIndex Value="0"/>
        <TopLine Value="735"/>
        <CursorPos X="30" Y="746"/>
        <UsageCount Value="11"/>
        <DefaultSyntaxHighlighter Value="Delphi"/>
      </Unit12>
      <Unit13>
        <Filename Value="../../ZEOSDBO/src/dbc/ZDbcInterbase6Metadata.pas"/>
        <UnitName Value="ZDbcInterbase6Metadata"/>
        <WindowIndex Value="0"/>
        <TopLine Value="1679"/>
        <CursorPos X="1" Y="1702"/>
        <UsageCount Value="11"/>
        <DefaultSyntaxHighlighter Value="Delphi"/>
      </Unit13>
      <Unit14>
        <Filename Value="/usr/lib/lazarus/0.9.30/lcl/dbctrls.pp"/>
        <UnitName Value="DbCtrls"/>
        <EditorIndex Value="4"/>
        <WindowIndex Value="0"/>
        <TopLine Value="657"/>
        <CursorPos X="15" Y="680"/>
        <UsageCount Value="13"/>
        <Loaded Value="True"/>
      </Unit14>
      <Unit15>
        <Filename Value="/usr/lib/lazarus/0.9.30/lcl/include/dblookup.inc"/>
        <WindowIndex Value="0"/>
        <TopLine Value="78"/>
        <CursorPos X="54" Y="108"/>
        <UsageCount Value="11"/>
      </Unit15>
      <Unit16>
        <Filename Value="../../ibx/runtime/IB.pas"/>
        <UnitName Value="IB"/>
        <WindowIndex Value="0"/>
        <TopLine Value="388"/>
        <CursorPos X="1" Y="411"/>
        <UsageCount Value="12"/>
      </Unit16>
      <Unit17>
        <Filename Value="../composants/u_extsearchedit.pas"/>
        <UnitName Value="u_extsearchedit"/>
        <WindowIndex Value="0"/>
        <TopLine Value="136"/>
        <CursorPos X="1" Y="146"/>
        <UsageCount Value="13"/>
      </Unit17>
      <Unit18>
        <Filename Value="/usr/lib/lazarus/0.9.30/lcl/include/wincontrol.inc"/>
        <WindowIndex Value="0"/>
        <TopLine Value="5219"/>
        <CursorPos X="1" Y="5242"/>
        <UsageCount Value="11"/>
      </Unit18>
      <Unit19>
        <Filename Value="../composants/U_ExtComboInsert.pas"/>
        <UnitName Value="U_ExtComboInsert"/>
        <EditorIndex Value="3"/>
        <WindowIndex Value="0"/>
        <TopLine Value="282"/>
        <CursorPos X="77" Y="292"/>
        <UsageCount Value="15"/>
        <Loaded Value="True"/>
      </Unit19>
      <Unit20>
        <Filename Value="/usr/lib/lazarus/0.9.30/lcl/include/dblookupcombobox.inc"/>
        <WindowIndex Value="0"/>
        <TopLine Value="27"/>
        <CursorPos X="1" Y="47"/>
        <UsageCount Value="11"/>
      </Unit20>
      <Unit21>
        <Filename Value="/usr/lib/lazarus/0.9.30/lcl/include/customdbcombobox.inc"/>
        <WindowIndex Value="0"/>
        <TopLine Value="32"/>
        <CursorPos X="1" Y="41"/>
        <UsageCount Value="10"/>
      </Unit21>
      <Unit22>
        <Filename Value="/usr/lib/lazarus/0.9.30/lcl/stdctrls.pp"/>
        <UnitName Value="StdCtrls"/>
        <WindowIndex Value="0"/>
        <TopLine Value="712"/>
        <CursorPos X="22" Y="735"/>
        <UsageCount Value="12"/>
      </Unit22>
      <Unit23>
        <Filename Value="../fonctions/fonctions_proprietes.pas"/>
        <UnitName Value="fonctions_proprietes"/>
        <WindowIndex Value="0"/>
        <TopLine Value="101"/>
        <CursorPos X="1" Y="124"/>
        <UsageCount Value="13"/>
      </Unit23>
      <Unit24>
        <Filename Value="/usr/lib/lazarus/0.9.30/lcl/widgetset/wscontrols.pp"/>
        <UnitName Value="WSControls"/>
        <WindowIndex Value="0"/>
        <TopLine Value="184"/>
        <CursorPos X="1" Y="208"/>
        <UsageCount Value="10"/>
      </Unit24>
      <Unit25>
        <Filename Value="/usr/lib/lazarus/0.9.30/lcl/include/intfbaselcl.inc"/>
        <WindowIndex Value="0"/>
        <TopLine Value="40"/>
        <CursorPos X="1" Y="63"/>
        <UsageCount Value="10"/>
      </Unit25>
      <Unit26>
        <Filename Value="/usr/lib/lazarus/0.9.30/lcl/maskedit.pp"/>
        <UnitName Value="MaskEdit"/>
        <WindowIndex Value="0"/>
        <TopLine Value="166"/>
        <CursorPos X="31" Y="176"/>
        <UsageCount Value="10"/>
      </Unit26>
      <Unit27>
        <Filename Value="/usr/lib/lazarus/0.9.30/lcl/include/customedit.inc"/>
        <WindowIndex Value="0"/>
        <TopLine Value="466"/>
        <CursorPos X="22" Y="468"/>
        <UsageCount Value="12"/>
      </Unit27>
      <Unit28>
        <Filename Value="/usr/lib/lazarus/0.9.30/lcl/include/customcombobox.inc"/>
        <WindowIndex Value="0"/>
        <TopLine Value="1"/>
        <CursorPos X="1" Y="1"/>
        <UsageCount Value="11"/>
      </Unit28>
      <Unit29>
        <Filename Value="/usr/lib/lazarus/0.9.30/lcl/controls.pp"/>
        <UnitName Value="Controls"/>
        <EditorIndex Value="6"/>
        <WindowIndex Value="0"/>
        <TopLine Value="1808"/>
        <CursorPos X="15" Y="1831"/>
        <UsageCount Value="12"/>
        <Loaded Value="True"/>
      </Unit29>
      <Unit30>
        <Filename Value="/usr/lib/lazarus/0.9.30/lcl/include/control.inc"/>
        <WindowIndex Value="0"/>
        <TopLine Value="4163"/>
        <CursorPos X="1" Y="4188"/>
        <UsageCount Value="12"/>
      </Unit30>
      <Unit31>
        <Filename Value="/usr/lib/lazarus/0.9.30/lcl/lclmessageglue.pas"/>
        <UnitName Value="LCLMessageGlue"/>
        <WindowIndex Value="0"/>
        <TopLine Value="94"/>
        <CursorPos X="1" Y="121"/>
        <UsageCount Value="10"/>
      </Unit31>
      <Unit32>
        <Filename Value="/usr/lib/lazarus/0.9.30/lcl/interfaces/gtk2/gtk2proc.inc"/>
        <WindowIndex Value="0"/>
        <TopLine Value="2408"/>
        <CursorPos X="1" Y="2434"/>
        <UsageCount Value="10"/>
      </Unit32>
      <Unit33>
        <Filename Value="/usr/lib/lazarus/0.9.30/lcl/interfaces/gtk2/gtk2widgetset.inc"/>
        <WindowIndex Value="0"/>
        <TopLine Value="2446"/>
        <CursorPos X="1" Y="2472"/>
        <UsageCount Value="10"/>
      </Unit33>
      <Unit34>
        <Filename Value="../../ibx/runtime/IBCustomDataSet.pas"/>
        <UnitName Value="IBCustomDataSet"/>
        <EditorIndex Value="2"/>
        <WindowIndex Value="0"/>
        <TopLine Value="1240"/>
        <CursorPos X="37" Y="1250"/>
        <UsageCount Value="10"/>
        <Loaded Value="True"/>
      </Unit34>
      <Unit35>
        <Filename Value="../../ibx/runtime/IBSQL.pas"/>
        <UnitName Value="IBSQL"/>
        <WindowIndex Value="0"/>
        <TopLine Value="1999"/>
        <CursorPos X="1" Y="2022"/>
        <UsageCount Value="10"/>
      </Unit35>
      <Unit36>
        <Filename Value="/usr/share/fpcsrc/2.4.2/packages/fcl-db/src/base/db.pas"/>
        <UnitName Value="db"/>
        <WindowIndex Value="0"/>
        <TopLine Value="1380"/>
        <CursorPos X="15" Y="1393"/>
        <UsageCount Value="10"/>
      </Unit36>
      <Unit37>
        <Filename Value="/usr/share/fpcsrc/2.4.2/packages/fcl-db/src/base/datasource.inc"/>
        <WindowIndex Value="0"/>
        <TopLine Value="265"/>
        <CursorPos X="33" Y="297"/>
        <UsageCount Value="10"/>
      </Unit37>
      <Unit38>
        <Filename Value="/usr/lib/lazarus/0.9.30/lcl/lclclasses.pp"/>
        <UnitName Value="LCLClasses"/>
        <WindowIndex Value="0"/>
        <TopLine Value="117"/>
        <CursorPos X="1" Y="141"/>
        <UsageCount Value="10"/>
      </Unit38>
      <Unit39>
        <Filename Value="/usr/lib/lazarus/0.9.30/lcl/lclproc.pas"/>
        <UnitName Value="LCLProc"/>
        <WindowIndex Value="0"/>
        <TopLine Value="310"/>
        <CursorPos X="10" Y="333"/>
        <UsageCount Value="10"/>
      </Unit39>
      <Unit40>
        <Filename Value="/usr/lib/lazarus/0.9.30/lcl/interfaces/gtk2/gtk2wsstdctrls.pp"/>
        <UnitName Value="Gtk2WSStdCtrls"/>
        <WindowIndex Value="0"/>
        <TopLine Value="1609"/>
        <CursorPos X="41" Y="1623"/>
        <UsageCount Value="10"/>
      </Unit40>
    </Units>
    <JumpHistory Count="24" HistoryIndex="23">
      <Position1>
        <Filename Value="../composants/U_ExtComboInsert.pas"/>
        <Caret Line="373" Column="1" TopLine="348"/>
      </Position1>
      <Position2>
        <Filename Value="../composants/U_ExtComboInsert.pas"/>
        <Caret Line="374" Column="40" TopLine="349"/>
      </Position2>
      <Position3>
        <Filename Value="../composants/U_ExtComboInsert.pas"/>
        <Caret Line="113" Column="17" TopLine="79"/>
      </Position3>
      <Position4>
        <Filename Value="../composants/U_ExtComboInsert.pas"/>
        <Caret Line="96" Column="67" TopLine="79"/>
      </Position4>
      <Position5>
        <Filename Value="../composants/U_ExtComboInsert.pas"/>
        <Caret Line="287" Column="70" TopLine="269"/>
      </Position5>
      <Position6>
        <Filename Value="../composants/U_ExtComboInsert.pas"/>
        <Caret Line="358" Column="1" TopLine="335"/>
      </Position6>
      <Position7>
        <Filename Value="../composants/U_ExtComboInsert.pas"/>
        <Caret Line="343" Column="23" TopLine="335"/>
      </Position7>
      <Position8>
        <Filename Value="../composants/U_ExtComboInsert.pas"/>
        <Caret Line="19" Column="33" TopLine="1"/>
      </Position8>
      <Position9>
        <Filename Value="../composants/U_ExtComboInsert.pas"/>
        <Caret Line="566" Column="66" TopLine="546"/>
      </Position9>
      <Position10>
        <Filename Value="../composants/U_ExtComboInsert.pas"/>
        <Caret Line="570" Column="1" TopLine="546"/>
      </Position10>
      <Position11>
        <Filename Value="../composants/U_ExtComboInsert.pas"/>
        <Caret Line="571" Column="1" TopLine="546"/>
      </Position11>
      <Position12>
        <Filename Value="../composants/U_ExtComboInsert.pas"/>
        <Caret Line="572" Column="1" TopLine="546"/>
      </Position12>
      <Position13>
        <Filename Value="../composants/U_ExtComboInsert.pas"/>
        <Caret Line="573" Column="1" TopLine="546"/>
      </Position13>
      <Position14>
        <Filename Value="../composants/U_ExtComboInsert.pas"/>
        <Caret Line="574" Column="1" TopLine="546"/>
      </Position14>
      <Position15>
        <Filename Value="../composants/U_ExtComboInsert.pas"/>
        <Caret Line="575" Column="1" TopLine="546"/>
      </Position15>
      <Position16>
        <Filename Value="../composants/U_ExtComboInsert.pas"/>
        <Caret Line="576" Column="1" TopLine="546"/>
      </Position16>
      <Position17>
        <Filename Value="../composants/U_ExtComboInsert.pas"/>
        <Caret Line="577" Column="1" TopLine="546"/>
      </Position17>
      <Position18>
        <Filename Value="../composants/U_ExtComboInsert.pas"/>
        <Caret Line="575" Column="1" TopLine="546"/>
      </Position18>
      <Position19>
        <Filename Value="../composants/U_ExtComboInsert.pas"/>
        <Caret Line="736" Column="40" TopLine="728"/>
      </Position19>
      <Position20>
        <Filename Value="../composants/U_ExtComboInsert.pas"/>
        <Caret Line="105" Column="27" TopLine="79"/>
      </Position20>
      <Position21>
        <Filename Value="../composants/U_ExtComboInsert.pas"/>
        <Caret Line="342" Column="41" TopLine="342"/>
      </Position21>
      <Position22>
        <Filename Value="u_components.pas"/>
        <Caret Line="13" Column="33" TopLine="1"/>
      </Position22>
      <Position23>
        <Filename Value="../../ibx/runtime/IBCustomDataSet.pas"/>
        <Caret Line="1251" Column="33" TopLine="1240"/>
      </Position23>
      <Position24>
        <Filename Value="u_components.pas"/>
        <Caret Line="119" Column="3" TopLine="74"/>
      </Position24>
    </JumpHistory>
  </ProjectOptions>
  <CompilerOptions>
    <Version Value="9"/>
    <SearchPaths>
      <IncludeFiles Value="$(ProjOutDir)"/>
    </SearchPaths>
    <Parsing>
      <SyntaxOptions>
        <UseAnsiStrings Value="False"/>
      </SyntaxOptions>
    </Parsing>
    <CodeGeneration>
      <Optimizations>
        <OptimizationLevel Value="0"/>
      </Optimizations>
    </CodeGeneration>
    <Linking>
      <Options>
        <Win32>
          <GraphicApplication Value="True"/>
        </Win32>
      </Options>
    </Linking>
    <Other>
      <Verbosity>
        <ShowErrors Value="False"/>
        <ShowWarn Value="False"/>
        <ShowNotes Value="False"/>
        <ShowHints Value="False"/>
        <ShowGenInfo Value="False"/>
      </Verbosity>
      <CompilerMessages>
        <UseMsgFile Value="True"/>
      </CompilerMessages>
      <CompilerPath Value="$(CompPath)"/>
    </Other>
  </CompilerOptions>
  <Debugging>
    <BreakPoints Count="5">
      <Item1>
        <Source Value="/usr/lib/lazarus/0.9.30/lcl/include/wincontrol.inc"/>
        <Line Value="4808"/>
      </Item1>
      <Item2>
        <Source Value="/usr/lib/lazarus/0.9.30/lcl/include/customcombobox.inc"/>
        <Line Value="308"/>
      </Item2>
      <Item3>
        <Source Value="/usr/lib/lazarus/0.9.30/lcl/include/customcombobox.inc"/>
        <Line Value="514"/>
      </Item3>
      <Item4>
        <Source Value="/usr/lib/lazarus/0.9.30/lcl/include/customcombobox.inc"/>
        <Line Value="625"/>
      </Item4>
      <Item5>
        <Source Value="/usr/lib/lazarus/0.9.30/lcl/include/customcombobox.inc"/>
        <Line Value="978"/>
      </Item5>
    </BreakPoints>
    <Exceptions Count="3">
      <Item1>
        <Name Value="EAbort"/>
      </Item1>
      <Item2>
        <Name Value="ECodetoolError"/>
      </Item2>
      <Item3>
        <Name Value="EFOpenError"/>
      </Item3>
    </Exceptions>
  </Debugging>
</CONFIG>
