<?xml version="1.0"?>
<CONFIG>
  <ProjectOptions>
    <Version Value="9"/>
    <General>
      <MainUnit Value="0"/>
      <UseXPManifest Value="True"/>
      <Icon Value="0"/>
      <ActiveWindowIndexAtStart Value="0"/>
    </General>
    <VersionInfo>
      <Language Value=""/>
      <CharSet Value=""/>
      <StringTable ProductVersion=""/>
    </VersionInfo>
    <BuildModes Count="1">
      <Item1 Name="default" Default="True"/>
    </BuildModes>
    <PublishOptions>
      <Version Value="2"/>
      <IgnoreBinaries Value="False"/>
      <IncludeFileFilter Value="*.(pas|pp|inc|lfm|lpr|lrs|lpi|lpk|sh|xml)"/>
      <ExcludeFileFilter Value="*.(bak|ppu|ppw|o|so);*~;backup"/>
    </PublishOptions>
    <RunParams>
      <local>
        <FormatVersion Value="1"/>
        <LaunchingApplication PathPlusParams="/usr/X11R6/bin/xterm -T 'Lazarus Run Output' -e $(LazarusDir)/tools/runwait.sh $(TargetCmdLine)"/>
      </local>
    </RunParams>
    <RequiredPackages Count="5">
      <Item1>
        <PackageName Value="zcomponent"/>
        <MinVersion Major="6" Minor="6" Release="6" Valid="True"/>
      </Item1>
      <Item2>
        <PackageName Value="FCL"/>
        <MinVersion Major="1" Valid="True"/>
      </Item2>
      <Item3>
        <PackageName Value="DBFLaz"/>
        <MinVersion Minor="1" Release="1" Valid="True"/>
      </Item3>
      <Item4>
        <PackageName Value="lazextcomponents"/>
        <MinVersion Minor="9" Build="4" Valid="True"/>
      </Item4>
      <Item5>
        <PackageName Value="LCL"/>
      </Item5>
    </RequiredPackages>
    <Units Count="12">
      <Unit0>
        <Filename Value="demo.lpr"/>
        <IsPartOfProject Value="True"/>
        <UnitName Value="demo"/>
        <EditorIndex Value="0"/>
        <WindowIndex Value="0"/>
        <TopLine Value="1"/>
        <CursorPos X="30" Y="18"/>
        <UsageCount Value="38"/>
        <Loaded Value="True"/>
        <LoadedDesigner Value="True"/>
      </Unit0>
      <Unit1>
        <Filename Value="/usr/lib/lazarus/0.9.30/lcl/include/application.inc"/>
        <WindowIndex Value="0"/>
        <TopLine Value="2055"/>
        <CursorPos X="1" Y="2086"/>
        <UsageCount Value="10"/>
      </Unit1>
      <Unit2>
        <Filename Value="u_components.lfm"/>
        <EditorIndex Value="2"/>
        <WindowIndex Value="0"/>
        <TopLine Value="33"/>
        <CursorPos X="27" Y="33"/>
        <UsageCount Value="10"/>
        <Loaded Value="True"/>
        <DefaultSyntaxHighlighter Value="LFM"/>
      </Unit2>
      <Unit3>
        <Filename Value="../../ManFrames/composants/u_customframework.pas"/>
        <ComponentName Value="F_CustomFrameWork"/>
        <HasResources Value="True"/>
        <ResourceBaseClass Value="Form"/>
        <UnitName Value="u_customframework"/>
        <EditorIndex Value="9"/>
        <WindowIndex Value="0"/>
        <TopLine Value="763"/>
        <CursorPos X="67" Y="799"/>
        <UsageCount Value="10"/>
        <Loaded Value="True"/>
        <LoadedDesigner Value="True"/>
        <DefaultSyntaxHighlighter Value="Delphi"/>
      </Unit3>
      <Unit4>
        <Filename Value="../composants/u_framework_dbcomponents.pas"/>
        <UnitName Value="u_framework_dbcomponents"/>
        <IsVisibleTab Value="True"/>
        <EditorIndex Value="4"/>
        <WindowIndex Value="0"/>
        <TopLine Value="665"/>
        <CursorPos X="36" Y="678"/>
        <UsageCount Value="10"/>
        <Loaded Value="True"/>
      </Unit4>
      <Unit5>
        <Filename Value="/usr/lib/lazarus/0.9.30/lcl/dbgrids.pas"/>
        <UnitName Value="DBGrids"/>
        <EditorIndex Value="3"/>
        <WindowIndex Value="0"/>
        <TopLine Value="3307"/>
        <CursorPos X="1" Y="3314"/>
        <UsageCount Value="10"/>
        <Loaded Value="True"/>
      </Unit5>
      <Unit6>
        <Filename Value="/usr/lib/lazarus/0.9.30/lcl/grids.pas"/>
        <UnitName Value="Grids"/>
        <EditorIndex Value="8"/>
        <WindowIndex Value="0"/>
        <TopLine Value="3739"/>
        <CursorPos X="3" Y="3743"/>
        <UsageCount Value="10"/>
        <Loaded Value="True"/>
      </Unit6>
      <Unit7>
        <Filename Value="../../../Lazarus/composants/rxfpc/rxdbgrid.pas"/>
        <UnitName Value="rxdbgrid"/>
        <EditorIndex Value="7"/>
        <WindowIndex Value="0"/>
        <TopLine Value="1036"/>
        <CursorPos X="15" Y="1059"/>
        <UsageCount Value="10"/>
        <Loaded Value="True"/>
      </Unit7>
      <Unit8>
        <Filename Value="../../XMLFrames/composants/u_xmlform.pas"/>
        <UnitName Value="u_xmlform"/>
        <EditorIndex Value="10"/>
        <WindowIndex Value="0"/>
        <TopLine Value="100"/>
        <CursorPos X="77" Y="119"/>
        <UsageCount Value="10"/>
        <Loaded Value="True"/>
      </Unit8>
      <Unit9>
        <Filename Value="u_components.pas"/>
        <ComponentName Value="Myform"/>
        <HasResources Value="True"/>
        <ResourceBaseClass Value="Form"/>
        <UnitName Value="U_Components"/>
        <EditorIndex Value="1"/>
        <WindowIndex Value="0"/>
        <TopLine Value="80"/>
        <CursorPos X="33" Y="88"/>
        <UsageCount Value="10"/>
        <Loaded Value="True"/>
        <LoadedDesigner Value="True"/>
      </Unit9>
      <Unit10>
        <Filename Value="/usr/lib/lazarus/0.9.30/lcl/include/control.inc"/>
        <EditorIndex Value="6"/>
        <WindowIndex Value="0"/>
        <TopLine Value="3166"/>
        <CursorPos X="1" Y="3189"/>
        <UsageCount Value="10"/>
        <Loaded Value="True"/>
      </Unit10>
      <Unit11>
        <Filename Value="../composants/u_extcomponent.pas"/>
        <UnitName Value="u_extcomponent"/>
        <EditorIndex Value="5"/>
        <WindowIndex Value="0"/>
        <TopLine Value="18"/>
        <CursorPos X="37" Y="37"/>
        <UsageCount Value="10"/>
        <Loaded Value="True"/>
      </Unit11>
    </Units>
    <JumpHistory Count="30" HistoryIndex="29">
      <Position1>
        <Filename Value="../composants/u_framework_dbcomponents.pas"/>
        <Caret Line="679" Column="100" TopLine="664"/>
      </Position1>
      <Position2>
        <Filename Value="../composants/u_framework_dbcomponents.pas"/>
        <Caret Line="675" Column="1" TopLine="664"/>
      </Position2>
      <Position3>
        <Filename Value="u_components.lfm"/>
        <Caret Line="32" Column="41" TopLine="28"/>
      </Position3>
      <Position4>
        <Filename Value="u_components.lfm"/>
        <Caret Line="1" Column="1" TopLine="1"/>
      </Position4>
      <Position5>
        <Filename Value="u_components.lfm"/>
        <Caret Line="167" Column="17" TopLine="130"/>
      </Position5>
      <Position6>
        <Filename Value="u_components.lfm"/>
        <Caret Line="177" Column="17" TopLine="140"/>
      </Position6>
      <Position7>
        <Filename Value="u_components.lfm"/>
        <Caret Line="242" Column="17" TopLine="205"/>
      </Position7>
      <Position8>
        <Filename Value="u_components.lfm"/>
        <Caret Line="253" Column="17" TopLine="216"/>
      </Position8>
      <Position9>
        <Filename Value="u_components.lfm"/>
        <Caret Line="292" Column="17" TopLine="255"/>
      </Position9>
      <Position10>
        <Filename Value="u_components.lfm"/>
        <Caret Line="306" Column="17" TopLine="269"/>
      </Position10>
      <Position11>
        <Filename Value="u_components.lfm"/>
        <Caret Line="1" Column="1" TopLine="1"/>
      </Position11>
      <Position12>
        <Filename Value="../composants/u_framework_dbcomponents.pas"/>
        <Caret Line="230" Column="61" TopLine="208"/>
      </Position12>
      <Position13>
        <Filename Value="u_components.pas"/>
        <Caret Line="89" Column="32" TopLine="73"/>
      </Position13>
      <Position14>
        <Filename Value="u_components.pas"/>
        <Caret Line="124" Column="1" TopLine="80"/>
      </Position14>
      <Position15>
        <Filename Value="u_components.pas"/>
        <Caret Line="89" Column="19" TopLine="80"/>
      </Position15>
      <Position16>
        <Filename Value="u_components.pas"/>
        <Caret Line="124" Column="1" TopLine="80"/>
      </Position16>
      <Position17>
        <Filename Value="/usr/lib/lazarus/0.9.30/lcl/dbgrids.pas"/>
        <Caret Line="3296" Column="56" TopLine="3287"/>
      </Position17>
      <Position18>
        <Filename Value="/usr/lib/lazarus/0.9.30/lcl/dbgrids.pas"/>
        <Caret Line="1" Column="1" TopLine="1"/>
      </Position18>
      <Position19>
        <Filename Value="/usr/lib/lazarus/0.9.30/lcl/dbgrids.pas"/>
        <Caret Line="69" Column="22" TopLine="32"/>
      </Position19>
      <Position20>
        <Filename Value="/usr/lib/lazarus/0.9.30/lcl/dbgrids.pas"/>
        <Caret Line="75" Column="53" TopLine="38"/>
      </Position20>
      <Position21>
        <Filename Value="/usr/lib/lazarus/0.9.30/lcl/dbgrids.pas"/>
        <Caret Line="76" Column="67" TopLine="39"/>
      </Position21>
      <Position22>
        <Filename Value="/usr/lib/lazarus/0.9.30/lcl/dbgrids.pas"/>
        <Caret Line="80" Column="59" TopLine="43"/>
      </Position22>
      <Position23>
        <Filename Value="/usr/lib/lazarus/0.9.30/lcl/dbgrids.pas"/>
        <Caret Line="81" Column="45" TopLine="44"/>
      </Position23>
      <Position24>
        <Filename Value="/usr/lib/lazarus/0.9.30/lcl/dbgrids.pas"/>
        <Caret Line="255" Column="19" TopLine="218"/>
      </Position24>
      <Position25>
        <Filename Value="/usr/lib/lazarus/0.9.30/lcl/dbgrids.pas"/>
        <Caret Line="256" Column="17" TopLine="219"/>
      </Position25>
      <Position26>
        <Filename Value="u_components.pas"/>
        <Caret Line="124" Column="1" TopLine="80"/>
      </Position26>
      <Position27>
        <Filename Value="../composants/u_framework_dbcomponents.pas"/>
        <Caret Line="216" Column="51" TopLine="182"/>
      </Position27>
      <Position28>
        <Filename Value="../composants/u_framework_dbcomponents.pas"/>
        <Caret Line="211" Column="15" TopLine="189"/>
      </Position28>
      <Position29>
        <Filename Value="u_components.pas"/>
        <Caret Line="124" Column="1" TopLine="80"/>
      </Position29>
      <Position30>
        <Filename Value="u_components.pas"/>
        <Caret Line="88" Column="33" TopLine="80"/>
      </Position30>
    </JumpHistory>
  </ProjectOptions>
  <CompilerOptions>
    <Version Value="9"/>
    <SearchPaths>
      <IncludeFiles Value="$(ProjOutDir)"/>
    </SearchPaths>
    <Parsing>
      <SyntaxOptions>
        <UseAnsiStrings Value="False"/>
      </SyntaxOptions>
    </Parsing>
    <CodeGeneration>
      <Optimizations>
        <OptimizationLevel Value="0"/>
      </Optimizations>
    </CodeGeneration>
    <Linking>
      <Options>
        <Win32>
          <GraphicApplication Value="True"/>
        </Win32>
      </Options>
    </Linking>
    <Other>
      <Verbosity>
        <ShowErrors Value="False"/>
        <ShowWarn Value="False"/>
        <ShowNotes Value="False"/>
        <ShowHints Value="False"/>
        <ShowGenInfo Value="False"/>
      </Verbosity>
      <CompilerMessages>
        <UseMsgFile Value="True"/>
      </CompilerMessages>
      <CompilerPath Value="$(CompPath)"/>
    </Other>
  </CompilerOptions>
  <Debugging>
    <Exceptions Count="3">
      <Item1>
        <Name Value="EAbort"/>
      </Item1>
      <Item2>
        <Name Value="ECodetoolError"/>
      </Item2>
      <Item3>
        <Name Value="EFOpenError"/>
      </Item3>
    </Exceptions>
  </Debugging>
</CONFIG>
